// !$*UTF8*$!
{
	archiveVersion = 1;
	classes = {
	};
	objectVersion = 56;
	objects = {

/* Begin PBXBuildFile section */
		C7378AAB2B96061B0085BB0A /* Slot_MachineApp.swift in Sources */ = {isa = PBXBuildFile; fileRef = C7378AAA2B96061B0085BB0A /* Slot_MachineApp.swift */; };
		C7378AAD2B96061B0085BB0A /* ContentView.swift in Sources */ = {isa = PBXBuildFile; fileRef = C7378AAC2B96061B0085BB0A /* ContentView.swift */; };
		C7378AAF2B96061E0085BB0A /* Assets.xcassets in Resources */ = {isa = PBXBuildFile; fileRef = C7378AAE2B96061E0085BB0A /* Assets.xcassets */; };
		C7378AB22B96061E0085BB0A /* Preview Assets.xcassets in Resources */ = {isa = PBXBuildFile; fileRef = C7378AB12B96061E0085BB0A /* Preview Assets.xcassets */; };
		C7378AB92B9C5FC20085BB0A /* Sounds in Resources */ = {isa = PBXBuildFile; fileRef = C7378AB82B9C5FC20085BB0A /* Sounds */; };
		C7378ABE2B9C61490085BB0A /* LaunchScreen.swift in Sources */ = {isa = PBXBuildFile; fileRef = C7378ABD2B9C61490085BB0A /* LaunchScreen.swift */; };
		C7378AC02B9F5C130085BB0A /* LogoView.swift in Sources */ = {isa = PBXBuildFile; fileRef = C7378ABF2B9F5C130085BB0A /* LogoView.swift */; };
		C7378AC22B9F5C550085BB0A /* Modifiers.swift in Sources */ = {isa = PBXBuildFile; fileRef = C7378AC12B9F5C550085BB0A /* Modifiers.swift */; };
		C7378AC42B9F68E70085BB0A /* ButtonView.swift in Sources */ = {isa = PBXBuildFile; fileRef = C7378AC32B9F68E70085BB0A /* ButtonView.swift */; };
		C7378AC62BA083B40085BB0A /* Extensions.swift in Sources */ = {isa = PBXBuildFile; fileRef = C7378AC52BA083B40085BB0A /* Extensions.swift */; };
		C7378AC92BA087BD0085BB0A /* ReelView.swift in Sources */ = {isa = PBXBuildFile; fileRef = C7378AC82BA087BD0085BB0A /* ReelView.swift */; };
		C7378ACB2BA09B200085BB0A /* InfoView.swift in Sources */ = {isa = PBXBuildFile; fileRef = C7378ACA2BA09B200085BB0A /* InfoView.swift */; };
		C7378ADF2BA2030A0085BB0A /* Stickers.xcassets in Resources */ = {isa = PBXBuildFile; fileRef = C7378ADE2BA2030A0085BB0A /* Stickers.xcassets */; };
		C7378AE32BA2030A0085BB0A /* Slot Machine Sticker.appex in Embed Foundation Extensions */ = {isa = PBXBuildFile; fileRef = C7378ADC2BA203070085BB0A /* Slot Machine Sticker.appex */; settings = {ATTRIBUTES = (RemoveHeadersOnCopy, ); }; };
/* End PBXBuildFile section */

/* Begin PBXContainerItemProxy section */
		C7378AE12BA2030A0085BB0A /* PBXContainerItemProxy */ = {
			isa = PBXContainerItemProxy;
			containerPortal = C7378A9F2B96061B0085BB0A /* Project object */;
			proxyType = 1;
			remoteGlobalIDString = C7378ADB2BA203070085BB0A;
			remoteInfo = "Slot Machine Sticker";
		};
/* End PBXContainerItemProxy section */

/* Begin PBXCopyFilesBuildPhase section */
		C7378AD92BA1F4480085BB0A /* Embed Foundation Extensions */ = {
			isa = PBXCopyFilesBuildPhase;
			buildActionMask = 2147483647;
			dstPath = "";
			dstSubfolderSpec = 13;
			files = (
				C7378AE32BA2030A0085BB0A /* Slot Machine Sticker.appex in Embed Foundation Extensions */,
			);
			name = "Embed Foundation Extensions";
			runOnlyForDeploymentPostprocessing = 0;
		};
/* End PBXCopyFilesBuildPhase section */

/* Begin PBXFileReference section */
		C7378AA72B96061B0085BB0A /* Slot Machine.app */ = {isa = PBXFileReference; explicitFileType = wrapper.application; includeInIndex = 0; path = "Slot Machine.app"; sourceTree = BUILT_PRODUCTS_DIR; };
		C7378AAA2B96061B0085BB0A /* Slot_MachineApp.swift */ = {isa = PBXFileReference; lastKnownFileType = sourcecode.swift; path = Slot_MachineApp.swift; sourceTree = "<group>"; };
		C7378AAC2B96061B0085BB0A /* ContentView.swift */ = {isa = PBXFileReference; lastKnownFileType = sourcecode.swift; path = ContentView.swift; sourceTree = "<group>"; };
		C7378AAE2B96061E0085BB0A /* Assets.xcassets */ = {isa = PBXFileReference; lastKnownFileType = folder.assetcatalog; path = Assets.xcassets; sourceTree = "<group>"; };
		C7378AB12B96061E0085BB0A /* Preview Assets.xcassets */ = {isa = PBXFileReference; lastKnownFileType = folder.assetcatalog; path = "Preview Assets.xcassets"; sourceTree = "<group>"; };
		C7378AB82B9C5FC20085BB0A /* Sounds */ = {isa = PBXFileReference; lastKnownFileType = folder; path = Sounds; sourceTree = "<group>"; };
		C7378ABD2B9C61490085BB0A /* LaunchScreen.swift */ = {isa = PBXFileReference; lastKnownFileType = sourcecode.swift; path = LaunchScreen.swift; sourceTree = "<group>"; };
		C7378ABF2B9F5C130085BB0A /* LogoView.swift */ = {isa = PBXFileReference; lastKnownFileType = sourcecode.swift; path = LogoView.swift; sourceTree = "<group>"; };
		C7378AC12B9F5C550085BB0A /* Modifiers.swift */ = {isa = PBXFileReference; lastKnownFileType = sourcecode.swift; path = Modifiers.swift; sourceTree = "<group>"; };
		C7378AC32B9F68E70085BB0A /* ButtonView.swift */ = {isa = PBXFileReference; lastKnownFileType = sourcecode.swift; path = ButtonView.swift; sourceTree = "<group>"; };
		C7378AC52BA083B40085BB0A /* Extensions.swift */ = {isa = PBXFileReference; lastKnownFileType = sourcecode.swift; path = Extensions.swift; sourceTree = "<group>"; };
		C7378AC82BA087BD0085BB0A /* ReelView.swift */ = {isa = PBXFileReference; lastKnownFileType = sourcecode.swift; path = ReelView.swift; sourceTree = "<group>"; };
		C7378ACA2BA09B200085BB0A /* InfoView.swift */ = {isa = PBXFileReference; lastKnownFileType = sourcecode.swift; path = InfoView.swift; sourceTree = "<group>"; };
		C7378ADC2BA203070085BB0A /* Slot Machine Sticker.appex */ = {isa = PBXFileReference; explicitFileType = "wrapper.app-extension"; includeInIndex = 0; path = "Slot Machine Sticker.appex"; sourceTree = BUILT_PRODUCTS_DIR; };
		C7378ADE2BA2030A0085BB0A /* Stickers.xcassets */ = {isa = PBXFileReference; lastKnownFileType = folder.assetcatalog; path = Stickers.xcassets; sourceTree = "<group>"; };
		C7378AE02BA2030A0085BB0A /* Info.plist */ = {isa = PBXFileReference; lastKnownFileType = text.plist.xml; path = Info.plist; sourceTree = "<group>"; };
/* End PBXFileReference section */

/* Begin PBXFrameworksBuildPhase section */
		C7378AA42B96061B0085BB0A /* Frameworks */ = {
			isa = PBXFrameworksBuildPhase;
			buildActionMask = 2147483647;
			files = (
			);
			runOnlyForDeploymentPostprocessing = 0;
		};
/* End PBXFrameworksBuildPhase section */

/* Begin PBXGroup section */
		C7378A9E2B96061B0085BB0A = {
			isa = PBXGroup;
			children = (
				C7378AA92B96061B0085BB0A /* Slot Machine */,
				C7378ADD2BA203070085BB0A /* Slot Machine Sticker */,
				C7378AA82B96061B0085BB0A /* Products */,
			);
			sourceTree = "<group>";
		};
		C7378AA82B96061B0085BB0A /* Products */ = {
			isa = PBXGroup;
			children = (
				C7378AA72B96061B0085BB0A /* Slot Machine.app */,
				C7378ADC2BA203070085BB0A /* Slot Machine Sticker.appex */,
			);
			name = Products;
			sourceTree = "<group>";
		};
		C7378AA92B96061B0085BB0A /* Slot Machine */ = {
			isa = PBXGroup;
			children = (
				C7378AAA2B96061B0085BB0A /* Slot_MachineApp.swift */,
				C7378ABC2B9C611B0085BB0A /* Launch Screen */,
				C7378ABB2B9C60620085BB0A /* Helper */,
				C7378ABA2B9C60450085BB0A /* View */,
				C7378AB82B9C5FC20085BB0A /* Sounds */,
				C7378AAE2B96061E0085BB0A /* Assets.xcassets */,
				C7378AB02B96061E0085BB0A /* Preview Content */,
				C7378AC72BA084190085BB0A /* New Group */,
			);
			path = "Slot Machine";
			sourceTree = "<group>";
		};
		C7378AB02B96061E0085BB0A /* Preview Content */ = {
			isa = PBXGroup;
			children = (
				C7378AB12B96061E0085BB0A /* Preview Assets.xcassets */,
			);
			path = "Preview Content";
			sourceTree = "<group>";
		};
		C7378ABA2B9C60450085BB0A /* View */ = {
			isa = PBXGroup;
			children = (
				C7378AAC2B96061B0085BB0A /* ContentView.swift */,
				C7378ABF2B9F5C130085BB0A /* LogoView.swift */,
				C7378AC32B9F68E70085BB0A /* ButtonView.swift */,
				C7378AC82BA087BD0085BB0A /* ReelView.swift */,
				C7378ACA2BA09B200085BB0A /* InfoView.swift */,
			);
			path = View;
			sourceTree = "<group>";
		};
		C7378ABB2B9C60620085BB0A /* Helper */ = {
			isa = PBXGroup;
			children = (
				C7378AC52BA083B40085BB0A /* Extensions.swift */,
				C7378AC12B9F5C550085BB0A /* Modifiers.swift */,
			);
			path = Helper;
			sourceTree = "<group>";
		};
		C7378ABC2B9C611B0085BB0A /* Launch Screen */ = {
			isa = PBXGroup;
			children = (
				C7378ABD2B9C61490085BB0A /* LaunchScreen.swift */,
			);
			path = "Launch Screen";
			sourceTree = "<group>";
		};
		C7378AC72BA084190085BB0A /* New Group */ = {
			isa = PBXGroup;
			children = (
			);
			path = "New Group";
			sourceTree = "<group>";
		};
		C7378ADD2BA203070085BB0A /* Slot Machine Sticker */ = {
			isa = PBXGroup;
			children = (
				C7378ADE2BA2030A0085BB0A /* Stickers.xcassets */,
				C7378AE02BA2030A0085BB0A /* Info.plist */,
			);
			path = "Slot Machine Sticker";
			sourceTree = "<group>";
		};
/* End PBXGroup section */

/* Begin PBXNativeTarget section */
		C7378AA62B96061B0085BB0A /* Slot Machine */ = {
			isa = PBXNativeTarget;
			buildConfigurationList = C7378AB52B96061E0085BB0A /* Build configuration list for PBXNativeTarget "Slot Machine" */;
			buildPhases = (
				C7378AA32B96061B0085BB0A /* Sources */,
				C7378AA42B96061B0085BB0A /* Frameworks */,
				C7378AA52B96061B0085BB0A /* Resources */,
				C7378AD92BA1F4480085BB0A /* Embed Foundation Extensions */,
			);
			buildRules = (
			);
			dependencies = (
				C7378AE22BA2030A0085BB0A /* PBXTargetDependency */,
			);
			name = "Slot Machine";
			productName = "Slot Machine";
			productReference = C7378AA72B96061B0085BB0A /* Slot Machine.app */;
			productType = "com.apple.product-type.application";
		};
		C7378ADB2BA203070085BB0A /* Slot Machine Sticker */ = {
			isa = PBXNativeTarget;
			buildConfigurationList = C7378AE42BA2030A0085BB0A /* Build configuration list for PBXNativeTarget "Slot Machine Sticker" */;
			buildPhases = (
				C7378ADA2BA203070085BB0A /* Resources */,
			);
			buildRules = (
			);
			dependencies = (
			);
			name = "Slot Machine Sticker";
			productName = "Slot Machine Sticker";
			productReference = C7378ADC2BA203070085BB0A /* Slot Machine Sticker.appex */;
			productType = "com.apple.product-type.app-extension.messages-sticker-pack";
		};
/* End PBXNativeTarget section */

/* Begin PBXProject section */
		C7378A9F2B96061B0085BB0A /* Project object */ = {
			isa = PBXProject;
			attributes = {
				BuildIndependentTargetsInParallel = 1;
				LastSwiftUpdateCheck = 1520;
				LastUpgradeCheck = 1520;
				TargetAttributes = {
					C7378AA62B96061B0085BB0A = {
						CreatedOnToolsVersion = 15.2;
					};
					C7378ADB2BA203070085BB0A = {
						CreatedOnToolsVersion = 15.2;
					};
				};
			};
			buildConfigurationList = C7378AA22B96061B0085BB0A /* Build configuration list for PBXProject "Slot Machine" */;
			compatibilityVersion = "Xcode 14.0";
			developmentRegion = en;
			hasScannedForEncodings = 0;
			knownRegions = (
				en,
				Base,
			);
			mainGroup = C7378A9E2B96061B0085BB0A;
			productRefGroup = C7378AA82B96061B0085BB0A /* Products */;
			projectDirPath = "";
			projectRoot = "";
			targets = (
				C7378AA62B96061B0085BB0A /* Slot Machine */,
				C7378ADB2BA203070085BB0A /* Slot Machine Sticker */,
			);
		};
/* End PBXProject section */

/* Begin PBXResourcesBuildPhase section */
		C7378AA52B96061B0085BB0A /* Resources */ = {
			isa = PBXResourcesBuildPhase;
			buildActionMask = 2147483647;
			files = (
				C7378AB92B9C5FC20085BB0A /* Sounds in Resources */,
				C7378AB22B96061E0085BB0A /* Preview Assets.xcassets in Resources */,
				C7378AAF2B96061E0085BB0A /* Assets.xcassets in Resources */,
			);
			runOnlyForDeploymentPostprocessing = 0;
		};
		C7378ADA2BA203070085BB0A /* Resources */ = {
			isa = PBXResourcesBuildPhase;
			buildActionMask = 2147483647;
			files = (
				C7378ADF2BA2030A0085BB0A /* Stickers.xcassets in Resources */,
			);
			runOnlyForDeploymentPostprocessing = 0;
		};
/* End PBXResourcesBuildPhase section */

/* Begin PBXSourcesBuildPhase section */
		C7378AA32B96061B0085BB0A /* Sources */ = {
			isa = PBXSourcesBuildPhase;
			buildActionMask = 2147483647;
			files = (
				C7378AAD2B96061B0085BB0A /* ContentView.swift in Sources */,
				C7378AC02B9F5C130085BB0A /* LogoView.swift in Sources */,
				C7378AC42B9F68E70085BB0A /* ButtonView.swift in Sources */,
				C7378AAB2B96061B0085BB0A /* Slot_MachineApp.swift in Sources */,
				C7378AC92BA087BD0085BB0A /* ReelView.swift in Sources */,
				C7378ABE2B9C61490085BB0A /* LaunchScreen.swift in Sources */,
				C7378AC22B9F5C550085BB0A /* Modifiers.swift in Sources */,
				C7378ACB2BA09B200085BB0A /* InfoView.swift in Sources */,
				C7378AC62BA083B40085BB0A /* Extensions.swift in Sources */,
			);
			runOnlyForDeploymentPostprocessing = 0;
		};
/* End PBXSourcesBuildPhase section */

/* Begin PBXTargetDependency section */
		C7378AE22BA2030A0085BB0A /* PBXTargetDependency */ = {
			isa = PBXTargetDependency;
			target = C7378ADB2BA203070085BB0A /* Slot Machine Sticker */;
			targetProxy = C7378AE12BA2030A0085BB0A /* PBXContainerItemProxy */;
		};
/* End PBXTargetDependency section */

/* Begin XCBuildConfiguration section */
		C7378AB32B96061E0085BB0A /* Debug */ = {
			isa = XCBuildConfiguration;
			buildSettings = {
				ALWAYS_SEARCH_USER_PATHS = NO;
				ASSETCATALOG_COMPILER_GENERATE_SWIFT_ASSET_SYMBOL_EXTENSIONS = YES;
				CLANG_ANALYZER_NONNULL = YES;
				CLANG_ANALYZER_NUMBER_OBJECT_CONVERSION = YES_AGGRESSIVE;
				CLANG_CXX_LANGUAGE_STANDARD = "gnu++20";
				CLANG_ENABLE_MODULES = YES;
				CLANG_ENABLE_OBJC_ARC = YES;
				CLANG_ENABLE_OBJC_WEAK = YES;
				CLANG_WARN_BLOCK_CAPTURE_AUTORELEASING = YES;
				CLANG_WARN_BOOL_CONVERSION = YES;
				CLANG_WARN_COMMA = YES;
				CLANG_WARN_CONSTANT_CONVERSION = YES;
				CLANG_WARN_DEPRECATED_OBJC_IMPLEMENTATIONS = YES;
				CLANG_WARN_DIRECT_OBJC_ISA_USAGE = YES_ERROR;
				CLANG_WARN_DOCUMENTATION_COMMENTS = YES;
				CLANG_WARN_EMPTY_BODY = YES;
				CLANG_WARN_ENUM_CONVERSION = YES;
				CLANG_WARN_INFINITE_RECURSION = YES;
				CLANG_WARN_INT_CONVERSION = YES;
				CLANG_WARN_NON_LITERAL_NULL_CONVERSION = YES;
				CLANG_WARN_OBJC_IMPLICIT_RETAIN_SELF = YES;
				CLANG_WARN_OBJC_LITERAL_CONVERSION = YES;
				CLANG_WARN_OBJC_ROOT_CLASS = YES_ERROR;
				CLANG_WARN_QUOTED_INCLUDE_IN_FRAMEWORK_HEADER = YES;
				CLANG_WARN_RANGE_LOOP_ANALYSIS = YES;
				CLANG_WARN_STRICT_PROTOTYPES = YES;
				CLANG_WARN_SUSPICIOUS_MOVE = YES;
				CLANG_WARN_UNGUARDED_AVAILABILITY = YES_AGGRESSIVE;
				CLANG_WARN_UNREACHABLE_CODE = YES;
				CLANG_WARN__DUPLICATE_METHOD_MATCH = YES;
				COPY_PHASE_STRIP = NO;
				DEBUG_INFORMATION_FORMAT = dwarf;
				ENABLE_STRICT_OBJC_MSGSEND = YES;
				ENABLE_TESTABILITY = YES;
				ENABLE_USER_SCRIPT_SANDBOXING = YES;
				GCC_C_LANGUAGE_STANDARD = gnu17;
				GCC_DYNAMIC_NO_PIC = NO;
				GCC_NO_COMMON_BLOCKS = YES;
				GCC_OPTIMIZATION_LEVEL = 0;
				GCC_PREPROCESSOR_DEFINITIONS = (
					"DEBUG=1",
					"$(inherited)",
				);
				GCC_WARN_64_TO_32_BIT_CONVERSION = YES;
				GCC_WARN_ABOUT_RETURN_TYPE = YES_ERROR;
				GCC_WARN_UNDECLARED_SELECTOR = YES;
				GCC_WARN_UNINITIALIZED_AUTOS = YES_AGGRESSIVE;
				GCC_WARN_UNUSED_FUNCTION = YES;
				GCC_WARN_UNUSED_VARIABLE = YES;
				IPHONEOS_DEPLOYMENT_TARGET = 17.2;
				LOCALIZATION_PREFERS_STRING_CATALOGS = YES;
				MTL_ENABLE_DEBUG_INFO = INCLUDE_SOURCE;
				MTL_FAST_MATH = YES;
				ONLY_ACTIVE_ARCH = YES;
				SDKROOT = iphoneos;
				SWIFT_ACTIVE_COMPILATION_CONDITIONS = "DEBUG $(inherited)";
				SWIFT_OPTIMIZATION_LEVEL = "-Onone";
			};
			name = Debug;
		};
		C7378AB42B96061E0085BB0A /* Release */ = {
			isa = XCBuildConfiguration;
			buildSettings = {
				ALWAYS_SEARCH_USER_PATHS = NO;
				ASSETCATALOG_COMPILER_GENERATE_SWIFT_ASSET_SYMBOL_EXTENSIONS = YES;
				CLANG_ANALYZER_NONNULL = YES;
				CLANG_ANALYZER_NUMBER_OBJECT_CONVERSION = YES_AGGRESSIVE;
				CLANG_CXX_LANGUAGE_STANDARD = "gnu++20";
				CLANG_ENABLE_MODULES = YES;
				CLANG_ENABLE_OBJC_ARC = YES;
				CLANG_ENABLE_OBJC_WEAK = YES;
				CLANG_WARN_BLOCK_CAPTURE_AUTORELEASING = YES;
				CLANG_WARN_BOOL_CONVERSION = YES;
				CLANG_WARN_COMMA = YES;
				CLANG_WARN_CONSTANT_CONVERSION = YES;
				CLANG_WARN_DEPRECATED_OBJC_IMPLEMENTATIONS = YES;
				CLANG_WARN_DIRECT_OBJC_ISA_USAGE = YES_ERROR;
				CLANG_WARN_DOCUMENTATION_COMMENTS = YES;
				CLANG_WARN_EMPTY_BODY = YES;
				CLANG_WARN_ENUM_CONVERSION = YES;
				CLANG_WARN_INFINITE_RECURSION = YES;
				CLANG_WARN_INT_CONVERSION = YES;
				CLANG_WARN_NON_LITERAL_NULL_CONVERSION = YES;
				CLANG_WARN_OBJC_IMPLICIT_RETAIN_SELF = YES;
				CLANG_WARN_OBJC_LITERAL_CONVERSION = YES;
				CLANG_WARN_OBJC_ROOT_CLASS = YES_ERROR;
				CLANG_WARN_QUOTED_INCLUDE_IN_FRAMEWORK_HEADER = YES;
				CLANG_WARN_RANGE_LOOP_ANALYSIS = YES;
				CLANG_WARN_STRICT_PROTOTYPES = YES;
				CLANG_WARN_SUSPICIOUS_MOVE = YES;
				CLANG_WARN_UNGUARDED_AVAILABILITY = YES_AGGRESSIVE;
				CLANG_WARN_UNREACHABLE_CODE = YES;
				CLANG_WARN__DUPLICATE_METHOD_MATCH = YES;
				COPY_PHASE_STRIP = NO;
				DEBUG_INFORMATION_FORMAT = "dwarf-with-dsym";
				ENABLE_NS_ASSERTIONS = NO;
				ENABLE_STRICT_OBJC_MSGSEND = YES;
				ENABLE_USER_SCRIPT_SANDBOXING = YES;
				GCC_C_LANGUAGE_STANDARD = gnu17;
				GCC_NO_COMMON_BLOCKS = YES;
				GCC_WARN_64_TO_32_BIT_CONVERSION = YES;
				GCC_WARN_ABOUT_RETURN_TYPE = YES_ERROR;
				GCC_WARN_UNDECLARED_SELECTOR = YES;
				GCC_WARN_UNINITIALIZED_AUTOS = YES_AGGRESSIVE;
				GCC_WARN_UNUSED_FUNCTION = YES;
				GCC_WARN_UNUSED_VARIABLE = YES;
				IPHONEOS_DEPLOYMENT_TARGET = 17.2;
				LOCALIZATION_PREFERS_STRING_CATALOGS = YES;
				MTL_ENABLE_DEBUG_INFO = NO;
				MTL_FAST_MATH = YES;
				SDKROOT = iphoneos;
				SWIFT_COMPILATION_MODE = wholemodule;
				VALIDATE_PRODUCT = YES;
			};
			name = Release;
		};
		C7378AB62B96061E0085BB0A /* Debug */ = {
			isa = XCBuildConfiguration;
			buildSettings = {
				ASSETCATALOG_COMPILER_APPICON_NAME = AppIcon;
				ASSETCATALOG_COMPILER_GLOBAL_ACCENT_COLOR_NAME = AccentColor;
				CODE_SIGN_STYLE = Automatic;
				CURRENT_PROJECT_VERSION = 1;
				DEVELOPMENT_ASSET_PATHS = "\"Slot Machine/Preview Content\"";
				DEVELOPMENT_TEAM = CTH36ZX495;
				ENABLE_PREVIEWS = YES;
				GENERATE_INFOPLIST_FILE = YES;
				INFOPLIST_KEY_UIApplicationSceneManifest_Generation = YES;
				INFOPLIST_KEY_UIApplicationSupportsIndirectInputEvents = YES;
				INFOPLIST_KEY_UILaunchScreen_Generation = YES;
				INFOPLIST_KEY_UISupportedInterfaceOrientations_iPad = "UIInterfaceOrientationPortrait UIInterfaceOrientationPortraitUpsideDown UIInterfaceOrientationLandscapeLeft UIInterfaceOrientationLandscapeRight";
				INFOPLIST_KEY_UISupportedInterfaceOrientations_iPhone = "UIInterfaceOrientationPortrait UIInterfaceOrientationLandscapeLeft UIInterfaceOrientationLandscapeRight";
				LD_RUNPATH_SEARCH_PATHS = (
					"$(inherited)",
					"@executable_path/Frameworks",
				);
				MARKETING_VERSION = 1.0;
				PRODUCT_BUNDLE_IDENTIFIER = "Kathiravan.Slot-Machine";
				PRODUCT_NAME = "$(TARGET_NAME)";
				SWIFT_EMIT_LOC_STRINGS = YES;
				SWIFT_VERSION = 5.0;
				TARGETED_DEVICE_FAMILY = "1,2";
			};
			name = Debug;
		};
		C7378AB72B96061E0085BB0A /* Release */ = {
			isa = XCBuildConfiguration;
			buildSettings = {
				ASSETCATALOG_COMPILER_APPICON_NAME = AppIcon;
				ASSETCATALOG_COMPILER_GLOBAL_ACCENT_COLOR_NAME = AccentColor;
				CODE_SIGN_STYLE = Automatic;
				CURRENT_PROJECT_VERSION = 1;
				DEVELOPMENT_ASSET_PATHS = "\"Slot Machine/Preview Content\"";
				DEVELOPMENT_TEAM = CTH36ZX495;
				ENABLE_PREVIEWS = YES;
				GENERATE_INFOPLIST_FILE = YES;
				INFOPLIST_KEY_UIApplicationSceneManifest_Generation = YES;
				INFOPLIST_KEY_UIApplicationSupportsIndirectInputEvents = YES;
				INFOPLIST_KEY_UILaunchScreen_Generation = YES;
				INFOPLIST_KEY_UISupportedInterfaceOrientations_iPad = "UIInterfaceOrientationPortrait UIInterfaceOrientationPortraitUpsideDown UIInterfaceOrientationLandscapeLeft UIInterfaceOrientationLandscapeRight";
				INFOPLIST_KEY_UISupportedInterfaceOrientations_iPhone = "UIInterfaceOrientationPortrait UIInterfaceOrientationLandscapeLeft UIInterfaceOrientationLandscapeRight";
				LD_RUNPATH_SEARCH_PATHS = (
					"$(inherited)",
					"@executable_path/Frameworks",
				);
				MARKETING_VERSION = 1.0;
				PRODUCT_BUNDLE_IDENTIFIER = "Kathiravan.Slot-Machine";
				PRODUCT_NAME = "$(TARGET_NAME)";
				SWIFT_EMIT_LOC_STRINGS = YES;
				SWIFT_VERSION = 5.0;
				TARGETED_DEVICE_FAMILY = "1,2";
			};
			name = Release;
		};
		C7378AE52BA2030A0085BB0A /* Debug */ = {
			isa = XCBuildConfiguration;
			buildSettings = {
				ASSETCATALOG_COMPILER_APPICON_NAME = "iMessage App Icon";
				CODE_SIGN_STYLE = Automatic;
				CURRENT_PROJECT_VERSION = 1;
				DEVELOPMENT_TEAM = CTH36ZX495;
				GENERATE_INFOPLIST_FILE = YES;
				INFOPLIST_FILE = "Slot Machine Sticker/Info.plist";
				INFOPLIST_KEY_NSStickerSharingLevel = OS;
				MARKETING_VERSION = 1.0;
				PRODUCT_BUNDLE_IDENTIFIER = "Kathiravan.Slot-Machine.Slot-Machine-Sticker";
				PRODUCT_NAME = "$(TARGET_NAME)";
				SKIP_INSTALL = YES;
				SWIFT_EMIT_LOC_STRINGS = YES;
				TARGETED_DEVICE_FAMILY = "1,2";
			};
			name = Debug;
		};
		C7378AE62BA2030A0085BB0A /* Release */ = {
			isa = XCBuildConfiguration;
			buildSettings = {
				ASSETCATALOG_COMPILER_APPICON_NAME = "iMessage App Icon";
				CODE_SIGN_STYLE = Automatic;
				CURRENT_PROJECT_VERSION = 1;
				DEVELOPMENT_TEAM = CTH36ZX495;
				GENERATE_INFOPLIST_FILE = YES;
				INFOPLIST_FILE = "Slot Machine Sticker/Info.plist";
				INFOPLIST_KEY_NSStickerSharingLevel = OS;
				MARKETING_VERSION = 1.0;
				PRODUCT_BUNDLE_IDENTIFIER = "Kathiravan.Slot-Machine.Slot-Machine-Sticker";
				PRODUCT_NAME = "$(TARGET_NAME)";
				SKIP_INSTALL = YES;
				SWIFT_EMIT_LOC_STRINGS = YES;
				TARGETED_DEVICE_FAMILY = "1,2";
			};
			name = Release;
		};
/* End XCBuildConfiguration section */

/* Begin XCConfigurationList section */
		C7378AA22B96061B0085BB0A /* Build configuration list for PBXProject "Slot Machine" */ = {
			isa = XCConfigurationList;
			buildConfigurations = (
				C7378AB32B96061E0085BB0A /* Debug */,
				C7378AB42B96061E0085BB0A /* Release */,
			);
			defaultConfigurationIsVisible = 0;
			defaultConfigurationName = Release;
		};
		C7378AB52B96061E0085BB0A /* Build configuration list for PBXNativeTarget "Slot Machine" */ = {
			isa = XCConfigurationList;
			buildConfigurations = (
				C7378AB62B96061E0085BB0A /* Debug */,
				C7378AB72B96061E0085BB0A /* Release */,
			);
			defaultConfigurationIsVisible = 0;
			defaultConfigurationName = Release;
		};
		C7378AE42BA2030A0085BB0A /* Build configuration list for PBXNativeTarget "Slot Machine Sticker" */ = {
			isa = XCConfigurationList;
			buildConfigurations = (
				C7378AE52BA2030A0085BB0A /* Debug */,
				C7378AE62BA2030A0085BB0A /* Release */,
			);
			defaultConfigurationIsVisible = 0;
			defaultConfigurationName = Release;
		};
/* End XCConfigurationList section */
	};
	rootObject = C7378A9F2B96061B0085BB0A /* Project object */;
}
